
Microsoft Visual Studio Solution File, Format Version 12.00
# Visual Studio Version 16
VisualStudioVersion = 16.0.32602.291
MinimumVisualStudioVersion = 10.0.40219.1
Project("{FAE04EC0-301F-11D3-BF4B-00C04F79EFBC}") = "ESH-Site.AppWeb", "ESH-Site.AppWeb\ESH-Site.AppWeb.csproj", "{59098EE1-5C61-46EB-A86F-1B48E5083D0B}"
EndProject
Project("{FAE04EC0-301F-11D3-BF4B-00C04F79EFBC}") = "ESH-Site.DomainModel", "ESH-Site.DomainModel\ESH-Site.DomainModel.csproj", "{0F142064-5581-4A5A-AAD8-72405B1E96C7}"
EndProject
Global
	GlobalSection(SolutionConfigurationPlatforms) = preSolution
		Debug|Any CPU = Debug|Any CPU
		Release|Any CPU = Release|Any CPU
	EndGlobalSection
	GlobalSection(ProjectConfigurationPlatforms) = postSolution
		{59098EE1-5C61-46EB-A86F-1B48E5083D0B}.Debug|Any CPU.ActiveCfg = Debug|Any CPU
		{59098EE1-5C61-46EB-A86F-1B48E5083D0B}.Debug|Any CPU.Build.0 = Debug|Any CPU
		{59098EE1-5C61-46EB-A86F-1B48E5083D0B}.Release|Any CPU.ActiveCfg = Release|Any CPU
		{59098EE1-5C61-46EB-A86F-1B48E5083D0B}.Release|Any CPU.Build.0 = Release|Any CPU
		{0F142064-5581-4A5A-AAD8-72405B1E96C7}.Debug|Any CPU.ActiveCfg = Debug|Any CPU
		{0F142064-5581-4A5A-AAD8-72405B1E96C7}.Debug|Any CPU.Build.0 = Debug|Any CPU
		{0F142064-5581-4A5A-AAD8-72405B1E96C7}.Release|Any CPU.ActiveCfg = Release|Any CPU
		{0F142064-5581-4A5A-AAD8-72405B1E96C7}.Release|Any CPU.Build.0 = Release|Any CPU
	EndGlobalSection
	GlobalSection(SolutionProperties) = preSolution
		HideSolutionNode = FALSE
	EndGlobalSection
	GlobalSection(ExtensibilityGlobals) = postSolution
		SolutionGuid = {ADDB961D-8007-4EC6-9F5B-461A1061A7EA}
	EndGlobalSection
EndGlobal
